
Microsoft Visual Studio Solution File, Format Version 12.00
Project("{FAE04EC0-301F-11D3-BF4B-00C04F79EFBC}") = "ChatApi.Core", "ChatApi.Core\ChatApi.Core.csproj", "{17FF6905-4901-4815-8C5C-B3B789E33BC4}"
EndProject
Project("{FAE04EC0-301F-11D3-BF4B-00C04F79EFBC}") = "ChatApi.Instances", "ChatApi.Instances\ChatApi.Instances.csproj", "{78F48CE9-AE26-44F9-8EEE-4DD0CE078F97}"
EndProject
Project("{2150E333-8FDC-42A3-9474-1A3956D46DE8}") = "WhatsApp", "WhatsApp", "{FAA38225-3F3C-4DDA-AE9A-AE9CC7B44E02}"
EndProject
Project("{FAE04EC0-301F-11D3-BF4B-00C04F79EFBC}") = "ChatApi.WA.Account", "ChatApi.WA.Account\ChatApi.WA.Account.csproj", "{A10509A7-947A-4995-8303-B4680C868612}"
EndProject
Project("{FAE04EC0-301F-11D3-BF4B-00C04F79EFBC}") = "ChatApi.WA.Ban", "ChatApi.WA.Ban\ChatApi.WA.Ban.csproj", "{11BE4BC5-AC73-4432-9B17-8E81129FC370}"
EndProject
Project("{FAE04EC0-301F-11D3-BF4B-00C04F79EFBC}") = "ChatApi.WA.Dialogs", "ChatApi.WA.Dialogs\ChatApi.WA.Dialogs.csproj", "{24C8ED6D-93C7-4FD9-B5AF-2F85D2AF1A8D}"
EndProject
Project("{FAE04EC0-301F-11D3-BF4B-00C04F79EFBC}") = "ChatApi.WA.Messages", "ChatApi.WA.Messages\ChatApi.WA.Messages.csproj", "{A4C05348-62D0-4A9C-A26C-F6A234BB5325}"
EndProject
Project("{FAE04EC0-301F-11D3-BF4B-00C04F79EFBC}") = "ChatApi.WA.Queues", "ChatApi.WA.Queues\ChatApi.WA.Queues.csproj", "{50F3FB69-911D-44C9-8D98-DF1F485D55CB}"
EndProject
Global
	GlobalSection(SolutionConfigurationPlatforms) = preSolution
		Debug|Any CPU = Debug|Any CPU
		Release|Any CPU = Release|Any CPU
	EndGlobalSection
	GlobalSection(ProjectConfigurationPlatforms) = postSolution
		{17FF6905-4901-4815-8C5C-B3B789E33BC4}.Debug|Any CPU.ActiveCfg = Debug|Any CPU
		{17FF6905-4901-4815-8C5C-B3B789E33BC4}.Debug|Any CPU.Build.0 = Debug|Any CPU
		{17FF6905-4901-4815-8C5C-B3B789E33BC4}.Release|Any CPU.ActiveCfg = Release|Any CPU
		{17FF6905-4901-4815-8C5C-B3B789E33BC4}.Release|Any CPU.Build.0 = Release|Any CPU
		{78F48CE9-AE26-44F9-8EEE-4DD0CE078F97}.Debug|Any CPU.ActiveCfg = Debug|Any CPU
		{78F48CE9-AE26-44F9-8EEE-4DD0CE078F97}.Debug|Any CPU.Build.0 = Debug|Any CPU
		{78F48CE9-AE26-44F9-8EEE-4DD0CE078F97}.Release|Any CPU.ActiveCfg = Release|Any CPU
		{78F48CE9-AE26-44F9-8EEE-4DD0CE078F97}.Release|Any CPU.Build.0 = Release|Any CPU
		{A10509A7-947A-4995-8303-B4680C868612}.Debug|Any CPU.ActiveCfg = Debug|Any CPU
		{A10509A7-947A-4995-8303-B4680C868612}.Debug|Any CPU.Build.0 = Debug|Any CPU
		{A10509A7-947A-4995-8303-B4680C868612}.Release|Any CPU.ActiveCfg = Release|Any CPU
		{A10509A7-947A-4995-8303-B4680C868612}.Release|Any CPU.Build.0 = Release|Any CPU
		{11BE4BC5-AC73-4432-9B17-8E81129FC370}.Debug|Any CPU.ActiveCfg = Debug|Any CPU
		{11BE4BC5-AC73-4432-9B17-8E81129FC370}.Debug|Any CPU.Build.0 = Debug|Any CPU
		{11BE4BC5-AC73-4432-9B17-8E81129FC370}.Release|Any CPU.ActiveCfg = Release|Any CPU
		{11BE4BC5-AC73-4432-9B17-8E81129FC370}.Release|Any CPU.Build.0 = Release|Any CPU
		{24C8ED6D-93C7-4FD9-B5AF-2F85D2AF1A8D}.Debug|Any CPU.ActiveCfg = Debug|Any CPU
		{24C8ED6D-93C7-4FD9-B5AF-2F85D2AF1A8D}.Debug|Any CPU.Build.0 = Debug|Any CPU
		{24C8ED6D-93C7-4FD9-B5AF-2F85D2AF1A8D}.Release|Any CPU.ActiveCfg = Release|Any CPU
		{24C8ED6D-93C7-4FD9-B5AF-2F85D2AF1A8D}.Release|Any CPU.Build.0 = Release|Any CPU
		{A4C05348-62D0-4A9C-A26C-F6A234BB5325}.Debug|Any CPU.ActiveCfg = Debug|Any CPU
		{A4C05348-62D0-4A9C-A26C-F6A234BB5325}.Debug|Any CPU.Build.0 = Debug|Any CPU
		{A4C05348-62D0-4A9C-A26C-F6A234BB5325}.Release|Any CPU.ActiveCfg = Release|Any CPU
		{A4C05348-62D0-4A9C-A26C-F6A234BB5325}.Release|Any CPU.Build.0 = Release|Any CPU
		{50F3FB69-911D-44C9-8D98-DF1F485D55CB}.Debug|Any CPU.ActiveCfg = Debug|Any CPU
		{50F3FB69-911D-44C9-8D98-DF1F485D55CB}.Debug|Any CPU.Build.0 = Debug|Any CPU
		{50F3FB69-911D-44C9-8D98-DF1F485D55CB}.Release|Any CPU.ActiveCfg = Release|Any CPU
		{50F3FB69-911D-44C9-8D98-DF1F485D55CB}.Release|Any CPU.Build.0 = Release|Any CPU
	EndGlobalSection
	GlobalSection(NestedProjects) = preSolution
		{A10509A7-947A-4995-8303-B4680C868612} = {FAA38225-3F3C-4DDA-AE9A-AE9CC7B44E02}
		{11BE4BC5-AC73-4432-9B17-8E81129FC370} = {FAA38225-3F3C-4DDA-AE9A-AE9CC7B44E02}
		{24C8ED6D-93C7-4FD9-B5AF-2F85D2AF1A8D} = {FAA38225-3F3C-4DDA-AE9A-AE9CC7B44E02}
		{A4C05348-62D0-4A9C-A26C-F6A234BB5325} = {FAA38225-3F3C-4DDA-AE9A-AE9CC7B44E02}
		{50F3FB69-911D-44C9-8D98-DF1F485D55CB} = {FAA38225-3F3C-4DDA-AE9A-AE9CC7B44E02}
	EndGlobalSection
EndGlobal
